<?xml version="1.0" encoding="utf-8"?>
<Project ToolsVersion="4.0" xmlns="http://schemas.microsoft.com/developer/msbuild/2003">
  <ItemGroup>
    <Filter Include="Source Files">
      <UniqueIdentifier>{4FC737F1-C7A5-4376-A066-2A32D752A2FF}</UniqueIdentifier>
      <Extensions>cpp;c;cc;cxx;def;odl;idl;hpj;bat;asm;asmx</Extensions>
    </Filter>
    <Filter Include="Header Files">
      <UniqueIdentifier>{93995380-89BD-4b04-88EB-625FBE52EBFB}</UniqueIdentifier>
      <Extensions>h;hh;hpp;hxx;hm;inl;inc;xsd</Extensions>
    </Filter>
    <Filter Include="Resource Files">
      <UniqueIdentifier>{67DA6AB6-F800-4c08-8B7A-83BB121AAD01}</UniqueIdentifier>
      <Extensions>rc;ico;cur;bmp;dlg;rc2;rct;bin;rgs;gif;jpg;jpeg;jpe;resx;tiff;tif;png;wav;mfcribbon-ms</Extensions>
    </Filter>
    <Filter Include="Source Files\Views">
      <UniqueIdentifier>{09f0f55a-57ce-41c8-ba8f-cc761b345b65}</UniqueIdentifier>
    </Filter>
    <Filter Include="Source Files\Controller">
      <UniqueIdentifier>{f1d77072-f887-4e91-b277-7b73a3cf98c2}</UniqueIdentifier>
    </Filter>
    <Filter Include="Source Files\Views\Android View">
      <UniqueIdentifier>{fed258a4-91a6-4227-a254-5cfbc5dc8b0b}</UniqueIdentifier>
    </Filter>
    <Filter Include="Source Files\Models">
      <UniqueIdentifier>{bc4912a9-1753-4995-9455-f94548c790a0}</UniqueIdentifier>
    </Filter>
    <Filter Include="Source Files\Windows View">
      <UniqueIdentifier>{e0e5a9b9-4870-4834-8384-f91c13fa50a3}</UniqueIdentifier>
    </Filter>
  </ItemGroup>
  <ItemGroup>
    <ClCompile Include="DueIt.cpp">
      <Filter>Source Files</Filter>
    </ClCompile>
    <ClCompile Include="Task.cpp">
      <Filter>Source Files\Models</Filter>
    </ClCompile>
    <ClCompile Include="Company.cpp">
      <Filter>Source Files\Models</Filter>
    </ClCompile>
    <ClCompile Include="Job.cpp">
      <Filter>Source Files\Models</Filter>
    </ClCompile>
    <ClCompile Include="Assignment.cpp">
      <Filter>Source Files\Models</Filter>
    </ClCompile>
    <ClCompile Include="Payment.cpp">
      <Filter>Source Files\Models</Filter>
    </ClCompile>
    <ClCompile Include="Course.cpp">
      <Filter>Source Files\Models</Filter>
    </ClCompile>
    <ClCompile Include="CourseMeeting.cpp">
      <Filter>Source Files\Models</Filter>
    </ClCompile>
    <ClCompile Include="Schedule.cpp">
      <Filter>Source Files\Models</Filter>
    </ClCompile>
    <ClCompile Include="Console_Controller.cpp">
      <Filter>Source Files\Controller</Filter>
    </ClCompile>
  </ItemGroup>
  <ItemGroup>
    <ClInclude Include="Task.h">
      <Filter>Header Files</Filter>
    </ClInclude>
    <ClInclude Include="Job.h">
      <Filter>Header Files</Filter>
    </ClInclude>
    <ClInclude Include="Company.h">
      <Filter>Header Files</Filter>
    </ClInclude>
    <ClInclude Include="Payment.h">
      <Filter>Header Files</Filter>
    </ClInclude>
    <ClInclude Include="Assignment.h">
      <Filter>Header Files</Filter>
    </ClInclude>
    <ClInclude Include="Course.h">
      <Filter>Header Files</Filter>
    </ClInclude>
    <ClInclude Include="CourseMeeting.h">
      <Filter>Header Files</Filter>
    </ClInclude>
    <ClInclude Include="Schedule.h">
      <Filter>Header Files</Filter>
    </ClInclude>
    <ClInclude Include="Console_Controller.h">
      <Filter>Header Files</Filter>
    </ClInclude>
  </ItemGroup>
</Project>